// !$*UTF8*$!
{
	archiveVersion = 1;
	classes = {
	};
	objectVersion = 56;
	objects = {

/* Begin PBXBuildFile section */
		562CE281290FB5E900AC3AE4 /* AppDelegate.swift in Sources */ = {isa = PBXBuildFile; fileRef = 562CE280290FB5E900AC3AE4 /* AppDelegate.swift */; };
		562CE283290FB5E900AC3AE4 /* SceneDelegate.swift in Sources */ = {isa = PBXBuildFile; fileRef = 562CE282290FB5E900AC3AE4 /* SceneDelegate.swift */; };
		562CE285290FB5E900AC3AE4 /* ViewController.swift in Sources */ = {isa = PBXBuildFile; fileRef = 562CE284290FB5E900AC3AE4 /* ViewController.swift */; };
		562CE288290FB5E900AC3AE4 /* Main.storyboard in Resources */ = {isa = PBXBuildFile; fileRef = 562CE286290FB5E900AC3AE4 /* Main.storyboard */; };
		562CE28A290FB5E900AC3AE4 /* Assets.xcassets in Resources */ = {isa = PBXBuildFile; fileRef = 562CE289290FB5E900AC3AE4 /* Assets.xcassets */; };
		562CE28D290FB5E900AC3AE4 /* LaunchScreen.storyboard in Resources */ = {isa = PBXBuildFile; fileRef = 562CE28B290FB5E900AC3AE4 /* LaunchScreen.storyboard */; };
		562CE295290FB89300AC3AE4 /* Commit.swift in Sources */ = {isa = PBXBuildFile; fileRef = 562CE294290FB89300AC3AE4 /* Commit.swift */; };
		562CE29B290FC97100AC3AE4 /* APIService.swift in Sources */ = {isa = PBXBuildFile; fileRef = 562CE29A290FC97100AC3AE4 /* APIService.swift */; };
		562CE29D290FCB3200AC3AE4 /* Repository.swift in Sources */ = {isa = PBXBuildFile; fileRef = 562CE29C290FCB3200AC3AE4 /* Repository.swift */; };
		562CE2A1290FE8CF00AC3AE4 /* RepoTableCell.swift in Sources */ = {isa = PBXBuildFile; fileRef = 562CE2A0290FE8CF00AC3AE4 /* RepoTableCell.swift */; };
		562CE2A3290FEDB400AC3AE4 /* CommitsViewController.swift in Sources */ = {isa = PBXBuildFile; fileRef = 562CE2A2290FEDB400AC3AE4 /* CommitsViewController.swift */; };
		562CE2B02910FDA500AC3AE4 /* CommitTableCell.swift in Sources */ = {isa = PBXBuildFile; fileRef = 562CE2AF2910FDA500AC3AE4 /* CommitTableCell.swift */; };
		562CE2B22910FE2C00AC3AE4 /* CommitTableCellViewModel.swift in Sources */ = {isa = PBXBuildFile; fileRef = 562CE2B12910FE2C00AC3AE4 /* CommitTableCellViewModel.swift */; };
		562CE2B529123CB700AC3AE4 /* RepositoryViewModel.swift in Sources */ = {isa = PBXBuildFile; fileRef = 562CE2B429123CB700AC3AE4 /* RepositoryViewModel.swift */; };
		562CE2B729123DC200AC3AE4 /* RepoTableCellViewModel.swift in Sources */ = {isa = PBXBuildFile; fileRef = 562CE2B629123DC200AC3AE4 /* RepoTableCellViewModel.swift */; };
		562CE2B9291268B700AC3AE4 /* CommitsViewModel.swift in Sources */ = {isa = PBXBuildFile; fileRef = 562CE2B8291268B700AC3AE4 /* CommitsViewModel.swift */; };
		562CE2BC2912783C00AC3AE4 /* TitleView.swift in Sources */ = {isa = PBXBuildFile; fileRef = 562CE2BB2912783C00AC3AE4 /* TitleView.swift */; };
/* End PBXBuildFile section */

/* Begin PBXFileReference section */
		562CE27D290FB5E900AC3AE4 /* GitHubAPI.app */ = {isa = PBXFileReference; explicitFileType = wrapper.application; includeInIndex = 0; path = GitHubAPI.app; sourceTree = BUILT_PRODUCTS_DIR; };
		562CE280290FB5E900AC3AE4 /* AppDelegate.swift */ = {isa = PBXFileReference; lastKnownFileType = sourcecode.swift; path = AppDelegate.swift; sourceTree = "<group>"; };
		562CE282290FB5E900AC3AE4 /* SceneDelegate.swift */ = {isa = PBXFileReference; lastKnownFileType = sourcecode.swift; path = SceneDelegate.swift; sourceTree = "<group>"; };
		562CE284290FB5E900AC3AE4 /* ViewController.swift */ = {isa = PBXFileReference; lastKnownFileType = sourcecode.swift; path = ViewController.swift; sourceTree = "<group>"; };
		562CE287290FB5E900AC3AE4 /* Base */ = {isa = PBXFileReference; lastKnownFileType = file.storyboard; name = Base; path = Base.lproj/Main.storyboard; sourceTree = "<group>"; };
		562CE289290FB5E900AC3AE4 /* Assets.xcassets */ = {isa = PBXFileReference; lastKnownFileType = folder.assetcatalog; path = Assets.xcassets; sourceTree = "<group>"; };
		562CE28C290FB5E900AC3AE4 /* Base */ = {isa = PBXFileReference; lastKnownFileType = file.storyboard; name = Base; path = Base.lproj/LaunchScreen.storyboard; sourceTree = "<group>"; };
		562CE28E290FB5EA00AC3AE4 /* Info.plist */ = {isa = PBXFileReference; lastKnownFileType = text.plist.xml; path = Info.plist; sourceTree = "<group>"; };
		562CE294290FB89300AC3AE4 /* Commit.swift */ = {isa = PBXFileReference; lastKnownFileType = sourcecode.swift; path = Commit.swift; sourceTree = "<group>"; };
		562CE29A290FC97100AC3AE4 /* APIService.swift */ = {isa = PBXFileReference; lastKnownFileType = sourcecode.swift; path = APIService.swift; sourceTree = "<group>"; };
		562CE29C290FCB3200AC3AE4 /* Repository.swift */ = {isa = PBXFileReference; lastKnownFileType = sourcecode.swift; path = Repository.swift; sourceTree = "<group>"; };
		562CE2A0290FE8CF00AC3AE4 /* RepoTableCell.swift */ = {isa = PBXFileReference; lastKnownFileType = sourcecode.swift; path = RepoTableCell.swift; sourceTree = "<group>"; };
		562CE2A2290FEDB400AC3AE4 /* CommitsViewController.swift */ = {isa = PBXFileReference; lastKnownFileType = sourcecode.swift; path = CommitsViewController.swift; sourceTree = "<group>"; };
		562CE2AF2910FDA500AC3AE4 /* CommitTableCell.swift */ = {isa = PBXFileReference; lastKnownFileType = sourcecode.swift; path = CommitTableCell.swift; sourceTree = "<group>"; };
		562CE2B12910FE2C00AC3AE4 /* CommitTableCellViewModel.swift */ = {isa = PBXFileReference; lastKnownFileType = sourcecode.swift; path = CommitTableCellViewModel.swift; sourceTree = "<group>"; };
		562CE2B429123CB700AC3AE4 /* RepositoryViewModel.swift */ = {isa = PBXFileReference; lastKnownFileType = sourcecode.swift; path = RepositoryViewModel.swift; sourceTree = "<group>"; };
		562CE2B629123DC200AC3AE4 /* RepoTableCellViewModel.swift */ = {isa = PBXFileReference; lastKnownFileType = sourcecode.swift; path = RepoTableCellViewModel.swift; sourceTree = "<group>"; };
		562CE2B8291268B700AC3AE4 /* CommitsViewModel.swift */ = {isa = PBXFileReference; lastKnownFileType = sourcecode.swift; path = CommitsViewModel.swift; sourceTree = "<group>"; };
		562CE2BB2912783C00AC3AE4 /* TitleView.swift */ = {isa = PBXFileReference; lastKnownFileType = sourcecode.swift; path = TitleView.swift; sourceTree = "<group>"; };
/* End PBXFileReference section */

/* Begin PBXFrameworksBuildPhase section */
		562CE27A290FB5E900AC3AE4 /* Frameworks */ = {
			isa = PBXFrameworksBuildPhase;
			buildActionMask = 2147483647;
			files = (
			);
			runOnlyForDeploymentPostprocessing = 0;
		};
/* End PBXFrameworksBuildPhase section */

/* Begin PBXGroup section */
		562CE274290FB5E800AC3AE4 = {
			isa = PBXGroup;
			children = (
				562CE27F290FB5E900AC3AE4 /* GitHubAPI */,
				562CE27E290FB5E900AC3AE4 /* Products */,
			);
			sourceTree = "<group>";
		};
		562CE27E290FB5E900AC3AE4 /* Products */ = {
			isa = PBXGroup;
			children = (
				562CE27D290FB5E900AC3AE4 /* GitHubAPI.app */,
			);
			name = Products;
			sourceTree = "<group>";
		};
		562CE27F290FB5E900AC3AE4 /* GitHubAPI */ = {
			isa = PBXGroup;
			children = (
				562CE28E290FB5EA00AC3AE4 /* Info.plist */,
				562CE286290FB5E900AC3AE4 /* Main.storyboard */,
				562CE289290FB5E900AC3AE4 /* Assets.xcassets */,
				562CE28B290FB5E900AC3AE4 /* LaunchScreen.storyboard */,
				562CE2BA2912782600AC3AE4 /* Views */,
				562CE2AE2910F18500AC3AE4 /* Common */,
				562CE2AD2910F16200AC3AE4 /* ViewControllers */,
				562CE2AC2910F15700AC3AE4 /* Services */,
				562CE29F290FE8B600AC3AE4 /* Cells */,
				562CE29E290FD4DA00AC3AE4 /* View Models */,
				562CE296290FBA9300AC3AE4 /* Models */,
			);
			path = GitHubAPI;
			sourceTree = "<group>";
		};
		562CE296290FBA9300AC3AE4 /* Models */ = {
			isa = PBXGroup;
			children = (
				562CE294290FB89300AC3AE4 /* Commit.swift */,
				562CE29C290FCB3200AC3AE4 /* Repository.swift */,
			);
			path = Models;
			sourceTree = "<group>";
		};
		562CE29E290FD4DA00AC3AE4 /* View Models */ = {
			isa = PBXGroup;
			children = (
				562CE2B429123CB700AC3AE4 /* RepositoryViewModel.swift */,
				562CE2B8291268B700AC3AE4 /* CommitsViewModel.swift */,
			);
			path = "View Models";
			sourceTree = "<group>";
		};
		562CE29F290FE8B600AC3AE4 /* Cells */ = {
			isa = PBXGroup;
			children = (
				562CE2A0290FE8CF00AC3AE4 /* RepoTableCell.swift */,
				562CE2B629123DC200AC3AE4 /* RepoTableCellViewModel.swift */,
				562CE2AF2910FDA500AC3AE4 /* CommitTableCell.swift */,
				562CE2B12910FE2C00AC3AE4 /* CommitTableCellViewModel.swift */,
			);
			path = Cells;
			sourceTree = "<group>";
		};
		562CE2AC2910F15700AC3AE4 /* Services */ = {
			isa = PBXGroup;
			children = (
				562CE29A290FC97100AC3AE4 /* APIService.swift */,
			);
			path = Services;
			sourceTree = "<group>";
		};
		562CE2AD2910F16200AC3AE4 /* ViewControllers */ = {
			isa = PBXGroup;
			children = (
				562CE2A2290FEDB400AC3AE4 /* CommitsViewController.swift */,
				562CE284290FB5E900AC3AE4 /* ViewController.swift */,
			);
			path = ViewControllers;
			sourceTree = "<group>";
		};
		562CE2AE2910F18500AC3AE4 /* Common */ = {
			isa = PBXGroup;
			children = (
				562CE280290FB5E900AC3AE4 /* AppDelegate.swift */,
				562CE282290FB5E900AC3AE4 /* SceneDelegate.swift */,
			);
			path = Common;
			sourceTree = "<group>";
		};
		562CE2BA2912782600AC3AE4 /* Views */ = {
			isa = PBXGroup;
			children = (
				562CE2BB2912783C00AC3AE4 /* TitleView.swift */,
			);
			path = Views;
			sourceTree = "<group>";
		};
/* End PBXGroup section */

/* Begin PBXNativeTarget section */
		562CE27C290FB5E900AC3AE4 /* GitHubAPI */ = {
			isa = PBXNativeTarget;
			buildConfigurationList = 562CE291290FB5EA00AC3AE4 /* Build configuration list for PBXNativeTarget "GitHubAPI" */;
			buildPhases = (
				562CE279290FB5E900AC3AE4 /* Sources */,
				562CE27A290FB5E900AC3AE4 /* Frameworks */,
				562CE27B290FB5E900AC3AE4 /* Resources */,
			);
			buildRules = (
			);
			dependencies = (
			);
			name = GitHubAPI;
			productName = GitHubAPI;
			productReference = 562CE27D290FB5E900AC3AE4 /* GitHubAPI.app */;
			productType = "com.apple.product-type.application";
		};
/* End PBXNativeTarget section */

/* Begin PBXProject section */
		562CE275290FB5E800AC3AE4 /* Project object */ = {
			isa = PBXProject;
			attributes = {
				BuildIndependentTargetsInParallel = 1;
				LastSwiftUpdateCheck = 1400;
				LastUpgradeCheck = 1400;
				TargetAttributes = {
					562CE27C290FB5E900AC3AE4 = {
						CreatedOnToolsVersion = 14.0.1;
					};
				};
			};
			buildConfigurationList = 562CE278290FB5E800AC3AE4 /* Build configuration list for PBXProject "GitHubAPI" */;
			compatibilityVersion = "Xcode 14.0";
			developmentRegion = en;
			hasScannedForEncodings = 0;
			knownRegions = (
				en,
				Base,
			);
			mainGroup = 562CE274290FB5E800AC3AE4;
			productRefGroup = 562CE27E290FB5E900AC3AE4 /* Products */;
			projectDirPath = "";
			projectRoot = "";
			targets = (
				562CE27C290FB5E900AC3AE4 /* GitHubAPI */,
			);
		};
/* End PBXProject section */

/* Begin PBXResourcesBuildPhase section */
		562CE27B290FB5E900AC3AE4 /* Resources */ = {
			isa = PBXResourcesBuildPhase;
			buildActionMask = 2147483647;
			files = (
				562CE28D290FB5E900AC3AE4 /* LaunchScreen.storyboard in Resources */,
				562CE28A290FB5E900AC3AE4 /* Assets.xcassets in Resources */,
				562CE288290FB5E900AC3AE4 /* Main.storyboard in Resources */,
			);
			runOnlyForDeploymentPostprocessing = 0;
		};
/* End PBXResourcesBuildPhase section */

/* Begin PBXSourcesBuildPhase section */
		562CE279290FB5E900AC3AE4 /* Sources */ = {
			isa = PBXSourcesBuildPhase;
			buildActionMask = 2147483647;
			files = (
				562CE2B02910FDA500AC3AE4 /* CommitTableCell.swift in Sources */,
				562CE2B9291268B700AC3AE4 /* CommitsViewModel.swift in Sources */,
				562CE285290FB5E900AC3AE4 /* ViewController.swift in Sources */,
				562CE2A3290FEDB400AC3AE4 /* CommitsViewController.swift in Sources */,
				562CE281290FB5E900AC3AE4 /* AppDelegate.swift in Sources */,
				562CE2B729123DC200AC3AE4 /* RepoTableCellViewModel.swift in Sources */,
				562CE2A1290FE8CF00AC3AE4 /* RepoTableCell.swift in Sources */,
				562CE295290FB89300AC3AE4 /* Commit.swift in Sources */,
				562CE29B290FC97100AC3AE4 /* APIService.swift in Sources */,
				562CE2B529123CB700AC3AE4 /* RepositoryViewModel.swift in Sources */,
				562CE283290FB5E900AC3AE4 /* SceneDelegate.swift in Sources */,
				562CE2BC2912783C00AC3AE4 /* TitleView.swift in Sources */,
				562CE2B22910FE2C00AC3AE4 /* CommitTableCellViewModel.swift in Sources */,
				562CE29D290FCB3200AC3AE4 /* Repository.swift in Sources */,
			);
			runOnlyForDeploymentPostprocessing = 0;
		};
/* End PBXSourcesBuildPhase section */

/* Begin PBXVariantGroup section */
		562CE286290FB5E900AC3AE4 /* Main.storyboard */ = {
			isa = PBXVariantGroup;
			children = (
				562CE287290FB5E900AC3AE4 /* Base */,
			);
			name = Main.storyboard;
			sourceTree = "<group>";
		};
		562CE28B290FB5E900AC3AE4 /* LaunchScreen.storyboard */ = {
			isa = PBXVariantGroup;
			children = (
				562CE28C290FB5E900AC3AE4 /* Base */,
			);
			name = LaunchScreen.storyboard;
			sourceTree = "<group>";
		};
/* End PBXVariantGroup section */

/* Begin XCBuildConfiguration section */
		562CE28F290FB5EA00AC3AE4 /* Debug */ = {
			isa = XCBuildConfiguration;
			buildSettings = {
				ALWAYS_SEARCH_USER_PATHS = NO;
				CLANG_ANALYZER_NONNULL = YES;
				CLANG_ANALYZER_NUMBER_OBJECT_CONVERSION = YES_AGGRESSIVE;
				CLANG_CXX_LANGUAGE_STANDARD = "gnu++20";
				CLANG_ENABLE_MODULES = YES;
				CLANG_ENABLE_OBJC_ARC = YES;
				CLANG_ENABLE_OBJC_WEAK = YES;
				CLANG_WARN_BLOCK_CAPTURE_AUTORELEASING = YES;
				CLANG_WARN_BOOL_CONVERSION = YES;
				CLANG_WARN_COMMA = YES;
				CLANG_WARN_CONSTANT_CONVERSION = YES;
				CLANG_WARN_DEPRECATED_OBJC_IMPLEMENTATIONS = YES;
				CLANG_WARN_DIRECT_OBJC_ISA_USAGE = YES_ERROR;
				CLANG_WARN_DOCUMENTATION_COMMENTS = YES;
				CLANG_WARN_EMPTY_BODY = YES;
				CLANG_WARN_ENUM_CONVERSION = YES;
				CLANG_WARN_INFINITE_RECURSION = YES;
				CLANG_WARN_INT_CONVERSION = YES;
				CLANG_WARN_NON_LITERAL_NULL_CONVERSION = YES;
				CLANG_WARN_OBJC_IMPLICIT_RETAIN_SELF = YES;
				CLANG_WARN_OBJC_LITERAL_CONVERSION = YES;
				CLANG_WARN_OBJC_ROOT_CLASS = YES_ERROR;
				CLANG_WARN_QUOTED_INCLUDE_IN_FRAMEWORK_HEADER = YES;
				CLANG_WARN_RANGE_LOOP_ANALYSIS = YES;
				CLANG_WARN_STRICT_PROTOTYPES = YES;
				CLANG_WARN_SUSPICIOUS_MOVE = YES;
				CLANG_WARN_UNGUARDED_AVAILABILITY = YES_AGGRESSIVE;
				CLANG_WARN_UNREACHABLE_CODE = YES;
				CLANG_WARN__DUPLICATE_METHOD_MATCH = YES;
				COPY_PHASE_STRIP = NO;
				DEBUG_INFORMATION_FORMAT = dwarf;
				ENABLE_STRICT_OBJC_MSGSEND = YES;
				ENABLE_TESTABILITY = YES;
				GCC_C_LANGUAGE_STANDARD = gnu11;
				GCC_DYNAMIC_NO_PIC = NO;
				GCC_NO_COMMON_BLOCKS = YES;
				GCC_OPTIMIZATION_LEVEL = 0;
				GCC_PREPROCESSOR_DEFINITIONS = (
					"DEBUG=1",
					"$(inherited)",
				);
				GCC_WARN_64_TO_32_BIT_CONVERSION = YES;
				GCC_WARN_ABOUT_RETURN_TYPE = YES_ERROR;
				GCC_WARN_UNDECLARED_SELECTOR = YES;
				GCC_WARN_UNINITIALIZED_AUTOS = YES_AGGRESSIVE;
				GCC_WARN_UNUSED_FUNCTION = YES;
				GCC_WARN_UNUSED_VARIABLE = YES;
				IPHONEOS_DEPLOYMENT_TARGET = 16.0;
				MTL_ENABLE_DEBUG_INFO = INCLUDE_SOURCE;
				MTL_FAST_MATH = YES;
				ONLY_ACTIVE_ARCH = YES;
				SDKROOT = iphoneos;
				SWIFT_ACTIVE_COMPILATION_CONDITIONS = DEBUG;
				SWIFT_OPTIMIZATION_LEVEL = "-Onone";
			};
			name = Debug;
		};
		562CE290290FB5EA00AC3AE4 /* Release */ = {
			isa = XCBuildConfiguration;
			buildSettings = {
				ALWAYS_SEARCH_USER_PATHS = NO;
				CLANG_ANALYZER_NONNULL = YES;
				CLANG_ANALYZER_NUMBER_OBJECT_CONVERSION = YES_AGGRESSIVE;
				CLANG_CXX_LANGUAGE_STANDARD = "gnu++20";
				CLANG_ENABLE_MODULES = YES;
				CLANG_ENABLE_OBJC_ARC = YES;
				CLANG_ENABLE_OBJC_WEAK = YES;
				CLANG_WARN_BLOCK_CAPTURE_AUTORELEASING = YES;
				CLANG_WARN_BOOL_CONVERSION = YES;
				CLANG_WARN_COMMA = YES;
				CLANG_WARN_CONSTANT_CONVERSION = YES;
				CLANG_WARN_DEPRECATED_OBJC_IMPLEMENTATIONS = YES;
				CLANG_WARN_DIRECT_OBJC_ISA_USAGE = YES_ERROR;
				CLANG_WARN_DOCUMENTATION_COMMENTS = YES;
				CLANG_WARN_EMPTY_BODY = YES;
				CLANG_WARN_ENUM_CONVERSION = YES;
				CLANG_WARN_INFINITE_RECURSION = YES;
				CLANG_WARN_INT_CONVERSION = YES;
				CLANG_WARN_NON_LITERAL_NULL_CONVERSION = YES;
				CLANG_WARN_OBJC_IMPLICIT_RETAIN_SELF = YES;
				CLANG_WARN_OBJC_LITERAL_CONVERSION = YES;
				CLANG_WARN_OBJC_ROOT_CLASS = YES_ERROR;
				CLANG_WARN_QUOTED_INCLUDE_IN_FRAMEWORK_HEADER = YES;
				CLANG_WARN_RANGE_LOOP_ANALYSIS = YES;
				CLANG_WARN_STRICT_PROTOTYPES = YES;
				CLANG_WARN_SUSPICIOUS_MOVE = YES;
				CLANG_WARN_UNGUARDED_AVAILABILITY = YES_AGGRESSIVE;
				CLANG_WARN_UNREACHABLE_CODE = YES;
				CLANG_WARN__DUPLICATE_METHOD_MATCH = YES;
				COPY_PHASE_STRIP = NO;
				DEBUG_INFORMATION_FORMAT = "dwarf-with-dsym";
				ENABLE_NS_ASSERTIONS = NO;
				ENABLE_STRICT_OBJC_MSGSEND = YES;
				GCC_C_LANGUAGE_STANDARD = gnu11;
				GCC_NO_COMMON_BLOCKS = YES;
				GCC_WARN_64_TO_32_BIT_CONVERSION = YES;
				GCC_WARN_ABOUT_RETURN_TYPE = YES_ERROR;
				GCC_WARN_UNDECLARED_SELECTOR = YES;
				GCC_WARN_UNINITIALIZED_AUTOS = YES_AGGRESSIVE;
				GCC_WARN_UNUSED_FUNCTION = YES;
				GCC_WARN_UNUSED_VARIABLE = YES;
				IPHONEOS_DEPLOYMENT_TARGET = 16.0;
				MTL_ENABLE_DEBUG_INFO = NO;
				MTL_FAST_MATH = YES;
				SDKROOT = iphoneos;
				SWIFT_COMPILATION_MODE = wholemodule;
				SWIFT_OPTIMIZATION_LEVEL = "-O";
				VALIDATE_PRODUCT = YES;
			};
			name = Release;
		};
		562CE292290FB5EA00AC3AE4 /* Debug */ = {
			isa = XCBuildConfiguration;
			buildSettings = {
				ASSETCATALOG_COMPILER_APPICON_NAME = AppIcon;
				ASSETCATALOG_COMPILER_GLOBAL_ACCENT_COLOR_NAME = AccentColor;
				CODE_SIGN_STYLE = Automatic;
				CURRENT_PROJECT_VERSION = 1;
				DEVELOPMENT_TEAM = AHB8JPHHN3;
				GENERATE_INFOPLIST_FILE = YES;
				INFOPLIST_FILE = GitHubAPI/Info.plist;
				INFOPLIST_KEY_UIApplicationSupportsIndirectInputEvents = YES;
				INFOPLIST_KEY_UILaunchStoryboardName = LaunchScreen;
				INFOPLIST_KEY_UIMainStoryboardFile = Main;
				INFOPLIST_KEY_UISupportedInterfaceOrientations_iPad = "UIInterfaceOrientationPortrait UIInterfaceOrientationPortraitUpsideDown UIInterfaceOrientationLandscapeLeft UIInterfaceOrientationLandscapeRight";
				INFOPLIST_KEY_UISupportedInterfaceOrientations_iPhone = "UIInterfaceOrientationPortrait UIInterfaceOrientationLandscapeLeft UIInterfaceOrientationLandscapeRight";
				LD_RUNPATH_SEARCH_PATHS = (
					"$(inherited)",
					"@executable_path/Frameworks",
				);
				MARKETING_VERSION = 1.0;
				PRODUCT_BUNDLE_IDENTIFIER = com.agarwalsaurabh.GitHubAPI;
				PRODUCT_NAME = "$(TARGET_NAME)";
				SWIFT_EMIT_LOC_STRINGS = YES;
				SWIFT_VERSION = 5.0;
				TARGETED_DEVICE_FAMILY = "1,2";
			};
			name = Debug;
		};
		562CE293290FB5EA00AC3AE4 /* Release */ = {
			isa = XCBuildConfiguration;
			buildSettings = {
				ASSETCATALOG_COMPILER_APPICON_NAME = AppIcon;
				ASSETCATALOG_COMPILER_GLOBAL_ACCENT_COLOR_NAME = AccentColor;
				CODE_SIGN_STYLE = Automatic;
				CURRENT_PROJECT_VERSION = 1;
				DEVELOPMENT_TEAM = AHB8JPHHN3;
				GENERATE_INFOPLIST_FILE = YES;
				INFOPLIST_FILE = GitHubAPI/Info.plist;
				INFOPLIST_KEY_UIApplicationSupportsIndirectInputEvents = YES;
				INFOPLIST_KEY_UILaunchStoryboardName = LaunchScreen;
				INFOPLIST_KEY_UIMainStoryboardFile = Main;
				INFOPLIST_KEY_UISupportedInterfaceOrientations_iPad = "UIInterfaceOrientationPortrait UIInterfaceOrientationPortraitUpsideDown UIInterfaceOrientationLandscapeLeft UIInterfaceOrientationLandscapeRight";
				INFOPLIST_KEY_UISupportedInterfaceOrientations_iPhone = "UIInterfaceOrientationPortrait UIInterfaceOrientationLandscapeLeft UIInterfaceOrientationLandscapeRight";
				LD_RUNPATH_SEARCH_PATHS = (
					"$(inherited)",
					"@executable_path/Frameworks",
				);
				MARKETING_VERSION = 1.0;
				PRODUCT_BUNDLE_IDENTIFIER = com.agarwalsaurabh.GitHubAPI;
				PRODUCT_NAME = "$(TARGET_NAME)";
				SWIFT_EMIT_LOC_STRINGS = YES;
				SWIFT_VERSION = 5.0;
				TARGETED_DEVICE_FAMILY = "1,2";
			};
			name = Release;
		};
/* End XCBuildConfiguration section */

/* Begin XCConfigurationList section */
		562CE278290FB5E800AC3AE4 /* Build configuration list for PBXProject "GitHubAPI" */ = {
			isa = XCConfigurationList;
			buildConfigurations = (
				562CE28F290FB5EA00AC3AE4 /* Debug */,
				562CE290290FB5EA00AC3AE4 /* Release */,
			);
			defaultConfigurationIsVisible = 0;
			defaultConfigurationName = Release;
		};
		562CE291290FB5EA00AC3AE4 /* Build configuration list for PBXNativeTarget "GitHubAPI" */ = {
			isa = XCConfigurationList;
			buildConfigurations = (
				562CE292290FB5EA00AC3AE4 /* Debug */,
				562CE293290FB5EA00AC3AE4 /* Release */,
			);
			defaultConfigurationIsVisible = 0;
			defaultConfigurationName = Release;
		};
/* End XCConfigurationList section */
	};
	rootObject = 562CE275290FB5E800AC3AE4 /* Project object */;
}
